
Microsoft Visual Studio Solution File, Format Version 12.00
# Visual Studio Version 17
VisualStudioVersion = 17.7.34202.233
MinimumVisualStudioVersion = 10.0.40219.1
Project("{FAE04EC0-301F-11D3-BF4B-00C04F79EFBC}") = "Chain Of Responsibility", "Chain Of Responsibility\Chain Of Responsibility.csproj", "{13A3A7FA-03B8-4B4E-B818-F161A95EB2BA}"
EndProject
Global
	GlobalSection(SolutionConfigurationPlatforms) = preSolution
		Debug|Any CPU = Debug|Any CPU
		Release|Any CPU = Release|Any CPU
	EndGlobalSection
	GlobalSection(ProjectConfigurationPlatforms) = postSolution
		{13A3A7FA-03B8-4B4E-B818-F161A95EB2BA}.Debug|Any CPU.ActiveCfg = Debug|Any CPU
		{13A3A7FA-03B8-4B4E-B818-F161A95EB2BA}.Debug|Any CPU.Build.0 = Debug|Any CPU
		{13A3A7FA-03B8-4B4E-B818-F161A95EB2BA}.Release|Any CPU.ActiveCfg = Release|Any CPU
		{13A3A7FA-03B8-4B4E-B818-F161A95EB2BA}.Release|Any CPU.Build.0 = Release|Any CPU
	EndGlobalSection
	GlobalSection(SolutionProperties) = preSolution
		HideSolutionNode = FALSE
	EndGlobalSection
	GlobalSection(ExtensibilityGlobals) = postSolution
		SolutionGuid = {CA74530E-0B70-4D58-9572-07B80CA36520}
	EndGlobalSection
EndGlobal
